
Microsoft Visual Studio Solution File, Format Version 12.00
# Visual Studio Version 17
VisualStudioVersion = 17.7.34202.233
MinimumVisualStudioVersion = 10.0.40219.1
Project("{9A19103F-16F7-4668-BE54-9A1E7A4F7556}") = "CalculadoraCDB.API", "CalculadoraCDB.API\CalculadoraCDB.API.csproj", "{52A19E97-C326-47D3-B569-B4AB3C77EE10}"
	ProjectSection(ProjectDependencies) = postProject
		{6847AFA2-D98E-46D5-B5E5-6751ACB02109} = {6847AFA2-D98E-46D5-B5E5-6751ACB02109}
	EndProjectSection
EndProject
Project("{9A19103F-16F7-4668-BE54-9A1E7A4F7556}") = "CalculadoraCDB.Aplicacao", "CalculadoraCDB.Aplicacao\CalculadoraCDB.Aplicacao.csproj", "{06910B23-55C0-4007-A126-4913722F2B86}"
EndProject
Project("{9A19103F-16F7-4668-BE54-9A1E7A4F7556}") = "CalculadoraCDB.Dominio", "CalculadoraCDB.Dominio\CalculadoraCDB.Dominio.csproj", "{6A1A6D5C-D5B3-4783-B75D-D2E943CC49A3}"
EndProject
Project("{2150E333-8FDC-42A3-9474-1A3956D46DE8}") = "01-Apresentação", "01-Apresentação", "{D0C6A4D7-361A-462F-9993-95A4BCD33FE0}"
EndProject
Project("{2150E333-8FDC-42A3-9474-1A3956D46DE8}") = "02-Serviços", "02-Serviços", "{E571E1C7-1664-468E-BE05-C8682A074E21}"
EndProject
Project("{2150E333-8FDC-42A3-9474-1A3956D46DE8}") = "03-Aplicação", "03-Aplicação", "{27581E02-DB91-482F-AF35-3EDFEEC92899}"
EndProject
Project("{2150E333-8FDC-42A3-9474-1A3956D46DE8}") = "04-Domínio", "04-Domínio", "{B77A8FFB-D56B-4B6B-B8FF-409B25BAF938}"
EndProject
Project("{2150E333-8FDC-42A3-9474-1A3956D46DE8}") = "05-Infra", "05-Infra", "{5CD056B7-C2EC-4645-B78A-82EEBEA1F338}"
EndProject
Project("{9A19103F-16F7-4668-BE54-9A1E7A4F7556}") = "CalculadoraCDB.Infra.IoC", "CalculadoraCDB.Infra.IoC\CalculadoraCDB.Infra.IoC.csproj", "{6847AFA2-D98E-46D5-B5E5-6751ACB02109}"
EndProject
Project("{9A19103F-16F7-4668-BE54-9A1E7A4F7556}") = "CalculadoraCDB.Testes", "CalculadoraCDB.Testes\CalculadoraCDB.Testes.csproj", "{AE8F5ABE-5B61-4D1D-84C4-546F1F030F86}"
EndProject
Project("{54A90642-561A-4BB1-A94E-469ADEE60C69}") = "CalculadoraCDB.Angular", "CalculadoraCDB.Angular\CalculadoraCDB.Angular.esproj", "{D3A339CF-18D0-4055-80D7-379F6263F642}"
EndProject
Global
	GlobalSection(SolutionConfigurationPlatforms) = preSolution
		Debug|Any CPU = Debug|Any CPU
		Release|Any CPU = Release|Any CPU
	EndGlobalSection
	GlobalSection(ProjectConfigurationPlatforms) = postSolution
		{52A19E97-C326-47D3-B569-B4AB3C77EE10}.Debug|Any CPU.ActiveCfg = Debug|Any CPU
		{52A19E97-C326-47D3-B569-B4AB3C77EE10}.Debug|Any CPU.Build.0 = Debug|Any CPU
		{52A19E97-C326-47D3-B569-B4AB3C77EE10}.Release|Any CPU.ActiveCfg = Release|Any CPU
		{52A19E97-C326-47D3-B569-B4AB3C77EE10}.Release|Any CPU.Build.0 = Release|Any CPU
		{06910B23-55C0-4007-A126-4913722F2B86}.Debug|Any CPU.ActiveCfg = Debug|Any CPU
		{06910B23-55C0-4007-A126-4913722F2B86}.Debug|Any CPU.Build.0 = Debug|Any CPU
		{06910B23-55C0-4007-A126-4913722F2B86}.Release|Any CPU.ActiveCfg = Release|Any CPU
		{06910B23-55C0-4007-A126-4913722F2B86}.Release|Any CPU.Build.0 = Release|Any CPU
		{6A1A6D5C-D5B3-4783-B75D-D2E943CC49A3}.Debug|Any CPU.ActiveCfg = Debug|Any CPU
		{6A1A6D5C-D5B3-4783-B75D-D2E943CC49A3}.Debug|Any CPU.Build.0 = Debug|Any CPU
		{6A1A6D5C-D5B3-4783-B75D-D2E943CC49A3}.Release|Any CPU.ActiveCfg = Release|Any CPU
		{6A1A6D5C-D5B3-4783-B75D-D2E943CC49A3}.Release|Any CPU.Build.0 = Release|Any CPU
		{6847AFA2-D98E-46D5-B5E5-6751ACB02109}.Debug|Any CPU.ActiveCfg = Debug|Any CPU
		{6847AFA2-D98E-46D5-B5E5-6751ACB02109}.Debug|Any CPU.Build.0 = Debug|Any CPU
		{6847AFA2-D98E-46D5-B5E5-6751ACB02109}.Release|Any CPU.ActiveCfg = Release|Any CPU
		{6847AFA2-D98E-46D5-B5E5-6751ACB02109}.Release|Any CPU.Build.0 = Release|Any CPU
		{AE8F5ABE-5B61-4D1D-84C4-546F1F030F86}.Debug|Any CPU.ActiveCfg = Debug|Any CPU
		{AE8F5ABE-5B61-4D1D-84C4-546F1F030F86}.Debug|Any CPU.Build.0 = Debug|Any CPU
		{AE8F5ABE-5B61-4D1D-84C4-546F1F030F86}.Release|Any CPU.ActiveCfg = Release|Any CPU
		{AE8F5ABE-5B61-4D1D-84C4-546F1F030F86}.Release|Any CPU.Build.0 = Release|Any CPU
		{D3A339CF-18D0-4055-80D7-379F6263F642}.Debug|Any CPU.ActiveCfg = Debug|Any CPU
		{D3A339CF-18D0-4055-80D7-379F6263F642}.Debug|Any CPU.Build.0 = Debug|Any CPU
		{D3A339CF-18D0-4055-80D7-379F6263F642}.Debug|Any CPU.Deploy.0 = Debug|Any CPU
		{D3A339CF-18D0-4055-80D7-379F6263F642}.Release|Any CPU.ActiveCfg = Release|Any CPU
		{D3A339CF-18D0-4055-80D7-379F6263F642}.Release|Any CPU.Build.0 = Release|Any CPU
		{D3A339CF-18D0-4055-80D7-379F6263F642}.Release|Any CPU.Deploy.0 = Release|Any CPU
	EndGlobalSection
	GlobalSection(SolutionProperties) = preSolution
		HideSolutionNode = FALSE
	EndGlobalSection
	GlobalSection(NestedProjects) = preSolution
		{52A19E97-C326-47D3-B569-B4AB3C77EE10} = {E571E1C7-1664-468E-BE05-C8682A074E21}
		{06910B23-55C0-4007-A126-4913722F2B86} = {27581E02-DB91-482F-AF35-3EDFEEC92899}
		{6A1A6D5C-D5B3-4783-B75D-D2E943CC49A3} = {B77A8FFB-D56B-4B6B-B8FF-409B25BAF938}
		{6847AFA2-D98E-46D5-B5E5-6751ACB02109} = {5CD056B7-C2EC-4645-B78A-82EEBEA1F338}
		{AE8F5ABE-5B61-4D1D-84C4-546F1F030F86} = {B77A8FFB-D56B-4B6B-B8FF-409B25BAF938}
		{D3A339CF-18D0-4055-80D7-379F6263F642} = {D0C6A4D7-361A-462F-9993-95A4BCD33FE0}
	EndGlobalSection
	GlobalSection(ExtensibilityGlobals) = postSolution
		SolutionGuid = {D420E340-C185-4A42-BEE4-1FF1BB17D51A}
	EndGlobalSection
EndGlobal
